
Microsoft Visual Studio Solution File, Format Version 12.00
# Visual Studio 15
VisualStudioVersion = 15.0.28010.2036
MinimumVisualStudioVersion = 10.0.40219.1
Project("{F184B08F-C81C-45F6-A57F-5ABD9991F28F}") = "Injector", "Injector\Injector.vbproj", "{0BAF7B4C-FFE7-43AF-8947-32DC7889E6F8}"
EndProject
Global
	GlobalSection(SolutionConfigurationPlatforms) = preSolution
		Debug|Any CPU = Debug|Any CPU
		Release|Any CPU = Release|Any CPU
	EndGlobalSection
	GlobalSection(ProjectConfigurationPlatforms) = postSolution
		{0BAF7B4C-FFE7-43AF-8947-32DC7889E6F8}.Debug|Any CPU.ActiveCfg = Debug|Any CPU
		{0BAF7B4C-FFE7-43AF-8947-32DC7889E6F8}.Debug|Any CPU.Build.0 = Debug|Any CPU
		{0BAF7B4C-FFE7-43AF-8947-32DC7889E6F8}.Release|Any CPU.ActiveCfg = Release|Any CPU
		{0BAF7B4C-FFE7-43AF-8947-32DC7889E6F8}.Release|Any CPU.Build.0 = Release|Any CPU
	EndGlobalSection
	GlobalSection(SolutionProperties) = preSolution
		HideSolutionNode = FALSE
	EndGlobalSection
	GlobalSection(ExtensibilityGlobals) = postSolution
		SolutionGuid = {1A27B12D-B2B8-4050-A0E1-F9B5BB2699D4}
	EndGlobalSection
EndGlobal
